
Microsoft Visual Studio Solution File, Format Version 12.00
# Visual Studio 2013
VisualStudioVersion = 12.0.20623.1 VSUPREVIEW
MinimumVisualStudioVersion = 10.0.40219.1
Project("{F2A71F9B-5D33-465A-A702-920D77279786}") = "Binomial", "Binomial\Binomial.fsproj", "{C3BD39F1-43E2-4F1F-96B8-F3A91C459140}"
EndProject
Project("{F2A71F9B-5D33-465A-A702-920D77279786}") = "BinomialTests", "BinomialTests\BinomialTests.fsproj", "{D5A5CAAE-C992-4C79-949B-9BFBD6739779}"
EndProject
Global
	GlobalSection(SolutionConfigurationPlatforms) = preSolution
		Debug|Any CPU = Debug|Any CPU
		Release|Any CPU = Release|Any CPU
	EndGlobalSection
	GlobalSection(ProjectConfigurationPlatforms) = postSolution
		{C3BD39F1-43E2-4F1F-96B8-F3A91C459140}.Debug|Any CPU.ActiveCfg = Debug|Any CPU
		{C3BD39F1-43E2-4F1F-96B8-F3A91C459140}.Debug|Any CPU.Build.0 = Debug|Any CPU
		{C3BD39F1-43E2-4F1F-96B8-F3A91C459140}.Release|Any CPU.ActiveCfg = Release|Any CPU
		{C3BD39F1-43E2-4F1F-96B8-F3A91C459140}.Release|Any CPU.Build.0 = Release|Any CPU
		{D5A5CAAE-C992-4C79-949B-9BFBD6739779}.Debug|Any CPU.ActiveCfg = Debug|Any CPU
		{D5A5CAAE-C992-4C79-949B-9BFBD6739779}.Debug|Any CPU.Build.0 = Debug|Any CPU
		{D5A5CAAE-C992-4C79-949B-9BFBD6739779}.Release|Any CPU.ActiveCfg = Release|Any CPU
		{D5A5CAAE-C992-4C79-949B-9BFBD6739779}.Release|Any CPU.Build.0 = Release|Any CPU
	EndGlobalSection
	GlobalSection(SolutionProperties) = preSolution
		HideSolutionNode = FALSE
	EndGlobalSection
EndGlobal
